{
    "_readme": [
        "This file locks the dependencies of your project to a known state",
        "Read more about it at https://getcomposer.org/doc/01-basic-usage.md#composer-lock-the-lock-file",
        "This file is @generated automatically"
    ],
    "content-hash": "8722571abe7e55ce6000ddd62e665dea",
    "packages": [
        {
            "name": "league/plates",
            "version": "3.1.0",
            "source": {
                "type": "git",
                "url": "https://github.com/thephpleague/plates.git",
                "reference": "c39d8fbcbeb07a0948d5e1cf8d78c6e1ef3e81a8"
            },
            "dist": {
                "type": "zip",
                "url": "https://api.github.com/repos/thephpleague/plates/zipball/c39d8fbcbeb07a0948d5e1cf8d78c6e1ef3e81a8",
                "reference": "c39d8fbcbeb07a0948d5e1cf8d78c6e1ef3e81a8",
                "shasum": ""
            },
            "require-dev": {
                "mikey179/vfsstream": "~1.4.0",
                "phpunit/phpunit": "~4.0",
                "squizlabs/php_codesniffer": "~1.5"
            },
            "type": "library",
            "extra": {
                "branch-alias": {
                    "dev-master": "3.0-dev"
                }
            },
            "autoload": {
                "psr-4": {
                    "League\\Plates\\": "src"
                }
            },
            "notification-url": "https://packagist.org/downloads/",
            "license": [
                "MIT"
            ],
            "authors": [
                {
                    "name": "Jonathan Reinink",
                    "email": "jonathan@reinink.ca",
                    "role": "Developer"
                }
            ],
            "description": "Plates, the native PHP template system that's fast, easy to use and easy to extend.",
            "homepage": "http://platesphp.com",
            "keywords": [
                "league",
                "package",
                "templates",
                "templating",
                "views"
            ],
            "time": "2014-10-21T12:06:12+00:00"
        },
        {
            "name": "samyoul/u2f-php-server",
            "version": "v1.1.3",
            "source": {
                "type": "git",
                "url": "https://github.com/Samyoul/U2F-php-server.git",
                "reference": "815279529ddd63b349dea9a1d0817fa2775d81c8"
            },
            "dist": {
                "type": "zip",
                "url": "https://api.github.com/repos/Samyoul/U2F-php-server/zipball/815279529ddd63b349dea9a1d0817fa2775d81c8",
                "reference": "815279529ddd63b349dea9a1d0817fa2775d81c8",
                "shasum": ""
            },
            "require": {
                "ext-openssl": "*"
            },
            "type": "library",
            "autoload": {
                "psr-4": {
                    "Samyoul\\U2F\\U2FServer\\": [
                        "src/"
                    ]
                }
            },
            "notification-url": "https://packagist.org/downloads/",
            "license": [
                "BSD-2-Clause"
            ],
            "authors": [
                {
                    "name": "Samuel Hawksby-Robinson",
                    "email": "samuel@samyoul.com"
                }
            ],
            "description": "Server side handling class for FIDO U2F registration and authentication",
            "time": "2016-12-14T11:52:47+00:00"
        }
    ],
    "packages-dev": [],
    "aliases": [],
    "minimum-stability": "stable",
    "stability-flags": [],
    "prefer-stable": false,
    "prefer-lowest": false,
    "platform": [],
    "platform-dev": []
}
