{
    "_readme": [
        "This file locks the dependencies of your project to a known state",
        "Read more about it at https://getcomposer.org/doc/01-basic-usage.md#composer-lock-the-lock-file",
        "This file is @generated automatically"
    ],
    "content-hash": "246c359015cf43f0c57f3e0495a53803",
    "packages": [
        {
            "name": "samyoul/u2f-php-server",
            "version": "v1.1.0",
            "source": {
                "type": "git",
                "url": "https://github.com/Samyoul/U2F-php-server.git",
                "reference": "33a5815b7cc9ed162826abb894c3b5f95b944294"
            },
            "dist": {
                "type": "zip",
                "url": "https://api.github.com/repos/Samyoul/U2F-php-server/zipball/33a5815b7cc9ed162826abb894c3b5f95b944294",
                "reference": "33a5815b7cc9ed162826abb894c3b5f95b944294",
                "shasum": ""
            },
            "require": {
                "ext-openssl": "*"
            },
            "type": "library",
            "autoload": {
                "psr-4": {
                    "Samyoul\\U2F\\U2FServer\\": [
                        "src/"
                    ]
                }
            },
            "notification-url": "https://packagist.org/downloads/",
            "license": [
                "BSD-2-Clause"
            ],
            "authors": [
                {
                    "name": "Samuel Hawksby-Robinson",
                    "email": "samuel@samyoul.com"
                }
            ],
            "description": "Server side handling class for FIDO U2F registration and authentication",
            "time": "2016-12-13T16:28:05+00:00"
        }
    ],
    "packages-dev": [],
    "aliases": [],
    "minimum-stability": "stable",
    "stability-flags": [],
    "prefer-stable": false,
    "prefer-lowest": false,
    "platform": [],
    "platform-dev": []
}
