{
    "_readme": [
        "This file locks the dependencies of your project to a known state",
        "Read more about it at https://getcomposer.org/doc/01-basic-usage.md#composer-lock-the-lock-file",
        "This file is @generated automatically"
    ],
    "hash": "6feab69b742ffdaa4fd44e8e2181f4f2",
    "content-hash": "2c88d7e879b5f718d58888fc70f91033",
    "packages": [
        {
            "name": "samyoul/u2f-php-server",
            "version": "v1.0.0",
            "source": {
                "type": "git",
                "url": "https://github.com/Samyoul/U2F-php-server.git",
                "reference": "bcb4ccf8c4ac309cc2f359924e74a7f680742805"
            },
            "dist": {
                "type": "zip",
                "url": "https://api.github.com/repos/Samyoul/U2F-php-server/zipball/bcb4ccf8c4ac309cc2f359924e74a7f680742805",
                "reference": "bcb4ccf8c4ac309cc2f359924e74a7f680742805",
                "shasum": ""
            },
            "require": {
                "ext-openssl": "*"
            },
            "type": "library",
            "autoload": {
                "classmap": [
                    "src/"
                ]
            },
            "notification-url": "https://packagist.org/downloads/",
            "license": [
                "BSD-2-Clause"
            ],
            "authors": [
                {
                    "name": "Samuel Hawksby-Robinson",
                    "email": "samuel@samyoul.com"
                }
            ],
            "description": "Server side handling class for FIDO U2F registration and authentication",
            "time": "2016-12-12 22:19:56"
        }
    ],
    "packages-dev": [],
    "aliases": [],
    "minimum-stability": "stable",
    "stability-flags": [],
    "prefer-stable": false,
    "prefer-lowest": false,
    "platform": [],
    "platform-dev": []
}
